// !$*UTF8*$!
{
	archiveVersion = 1;
	classes = {
	};
	objectVersion = 46;
	objects = {

/* Begin PBXBuildFile section */
		8D68B2B8216B59FF00780AB7 /* AppDelegate.swift in Sources */ = {isa = PBXBuildFile; fileRef = 8D68B2B7216B59FF00780AB7 /* AppDelegate.swift */; };
		8D68B2BA216B59FF00780AB7 /* ViewController.swift in Sources */ = {isa = PBXBuildFile; fileRef = 8D68B2B9216B59FF00780AB7 /* ViewController.swift */; };
		8D68B2BD216B59FF00780AB7 /* Main.storyboard in Resources */ = {isa = PBXBuildFile; fileRef = 8D68B2BB216B59FF00780AB7 /* Main.storyboard */; };
		8D68B2C0216B59FF00780AB7 /* Store.xcdatamodeld in Sources */ = {isa = PBXBuildFile; fileRef = 8D68B2BE216B59FF00780AB7 /* Store.xcdatamodeld */; };
		8D68B2C2216B59FF00780AB7 /* Assets.xcassets in Resources */ = {isa = PBXBuildFile; fileRef = 8D68B2C1216B59FF00780AB7 /* Assets.xcassets */; };
		8D68B2C5216B59FF00780AB7 /* LaunchScreen.storyboard in Resources */ = {isa = PBXBuildFile; fileRef = 8D68B2C3216B59FF00780AB7 /* LaunchScreen.storyboard */; };
/* End PBXBuildFile section */

/* Begin PBXFileReference section */
		8D68B2B4216B59FF00780AB7 /* Store.app */ = {isa = PBXFileReference; explicitFileType = wrapper.application; includeInIndex = 0; path = Store.app; sourceTree = BUILT_PRODUCTS_DIR; };
		8D68B2B7216B59FF00780AB7 /* AppDelegate.swift */ = {isa = PBXFileReference; lastKnownFileType = sourcecode.swift; path = AppDelegate.swift; sourceTree = "<group>"; };
		8D68B2B9216B59FF00780AB7 /* ViewController.swift */ = {isa = PBXFileReference; lastKnownFileType = sourcecode.swift; path = ViewController.swift; sourceTree = "<group>"; };
		8D68B2BC216B59FF00780AB7 /* Base */ = {isa = PBXFileReference; lastKnownFileType = file.storyboard; name = Base; path = Base.lproj/Main.storyboard; sourceTree = "<group>"; };
		8D68B2BF216B59FF00780AB7 /* Store.xcdatamodel */ = {isa = PBXFileReference; lastKnownFileType = wrapper.xcdatamodel; path = Store.xcdatamodel; sourceTree = "<group>"; };
		8D68B2C1216B59FF00780AB7 /* Assets.xcassets */ = {isa = PBXFileReference; lastKnownFileType = folder.assetcatalog; path = Assets.xcassets; sourceTree = "<group>"; };
		8D68B2C4216B59FF00780AB7 /* Base */ = {isa = PBXFileReference; lastKnownFileType = file.storyboard; name = Base; path = Base.lproj/LaunchScreen.storyboard; sourceTree = "<group>"; };
		8D68B2C6216B59FF00780AB7 /* Info.plist */ = {isa = PBXFileReference; lastKnownFileType = text.plist.xml; path = Info.plist; sourceTree = "<group>"; };
/* End PBXFileReference section */

/* Begin PBXFrameworksBuildPhase section */
		8D68B2B1216B59FF00780AB7 /* Frameworks */ = {
			isa = PBXFrameworksBuildPhase;
			buildActionMask = 2147483647;
			files = (
			);
			runOnlyForDeploymentPostprocessing = 0;
		};
/* End PBXFrameworksBuildPhase section */

/* Begin PBXGroup section */
		8D68B2AB216B59FE00780AB7 = {
			isa = PBXGroup;
			children = (
				8D68B2B6216B59FF00780AB7 /* Store */,
				8D68B2B5216B59FF00780AB7 /* Products */,
			);
			sourceTree = "<group>";
		};
		8D68B2B5216B59FF00780AB7 /* Products */ = {
			isa = PBXGroup;
			children = (
				8D68B2B4216B59FF00780AB7 /* Store.app */,
			);
			name = Products;
			sourceTree = "<group>";
		};
		8D68B2B6216B59FF00780AB7 /* Store */ = {
			isa = PBXGroup;
			children = (
				8D68B2B7216B59FF00780AB7 /* AppDelegate.swift */,
				8D68B2B9216B59FF00780AB7 /* ViewController.swift */,
				8D68B2BB216B59FF00780AB7 /* Main.storyboard */,
				8D68B2C1216B59FF00780AB7 /* Assets.xcassets */,
				8D68B2C3216B59FF00780AB7 /* LaunchScreen.storyboard */,
				8D68B2C6216B59FF00780AB7 /* Info.plist */,
				8D68B2BE216B59FF00780AB7 /* Store.xcdatamodeld */,
			);
			path = Store;
			sourceTree = "<group>";
		};
/* End PBXGroup section */

/* Begin PBXNativeTarget section */
		8D68B2B3216B59FF00780AB7 /* Store */ = {
			isa = PBXNativeTarget;
			buildConfigurationList = 8D68B2C9216B59FF00780AB7 /* Build configuration list for PBXNativeTarget "Store" */;
			buildPhases = (
				8D68B2B0216B59FF00780AB7 /* Sources */,
				8D68B2B1216B59FF00780AB7 /* Frameworks */,
				8D68B2B2216B59FF00780AB7 /* Resources */,
			);
			buildRules = (
			);
			dependencies = (
			);
			name = Store;
			productName = Store;
			productReference = 8D68B2B4216B59FF00780AB7 /* Store.app */;
			productType = "com.apple.product-type.application";
		};
/* End PBXNativeTarget section */

/* Begin PBXProject section */
		8D68B2AC216B59FF00780AB7 /* Project object */ = {
			isa = PBXProject;
			attributes = {
				LastSwiftUpdateCheck = 0830;
				LastUpgradeCheck = 0830;
				ORGANIZATIONNAME = "codemac-04i";
				TargetAttributes = {
					8D68B2B3216B59FF00780AB7 = {
						CreatedOnToolsVersion = 8.3;
						ProvisioningStyle = Automatic;
					};
				};
			};
			buildConfigurationList = 8D68B2AF216B59FF00780AB7 /* Build configuration list for PBXProject "Store" */;
			compatibilityVersion = "Xcode 3.2";
			developmentRegion = English;
			hasScannedForEncodings = 0;
			knownRegions = (
				en,
				Base,
			);
			mainGroup = 8D68B2AB216B59FE00780AB7;
			productRefGroup = 8D68B2B5216B59FF00780AB7 /* Products */;
			projectDirPath = "";
			projectRoot = "";
			targets = (
				8D68B2B3216B59FF00780AB7 /* Store */,
			);
		};
/* End PBXProject section */

/* Begin PBXResourcesBuildPhase section */
		8D68B2B2216B59FF00780AB7 /* Resources */ = {
			isa = PBXResourcesBuildPhase;
			buildActionMask = 2147483647;
			files = (
				8D68B2C5216B59FF00780AB7 /* LaunchScreen.storyboard in Resources */,
				8D68B2C2216B59FF00780AB7 /* Assets.xcassets in Resources */,
				8D68B2BD216B59FF00780AB7 /* Main.storyboard in Resources */,
			);
			runOnlyForDeploymentPostprocessing = 0;
		};
/* End PBXResourcesBuildPhase section */

/* Begin PBXSourcesBuildPhase section */
		8D68B2B0216B59FF00780AB7 /* Sources */ = {
			isa = PBXSourcesBuildPhase;
			buildActionMask = 2147483647;
			files = (
				8D68B2C0216B59FF00780AB7 /* Store.xcdatamodeld in Sources */,
				8D68B2BA216B59FF00780AB7 /* ViewController.swift in Sources */,
				8D68B2B8216B59FF00780AB7 /* AppDelegate.swift in Sources */,
			);
			runOnlyForDeploymentPostprocessing = 0;
		};
/* End PBXSourcesBuildPhase section */

/* Begin PBXVariantGroup section */
		8D68B2BB216B59FF00780AB7 /* Main.storyboard */ = {
			isa = PBXVariantGroup;
			children = (
				8D68B2BC216B59FF00780AB7 /* Base */,
			);
			name = Main.storyboard;
			sourceTree = "<group>";
		};
		8D68B2C3216B59FF00780AB7 /* LaunchScreen.storyboard */ = {
			isa = PBXVariantGroup;
			children = (
				8D68B2C4216B59FF00780AB7 /* Base */,
			);
			name = LaunchScreen.storyboard;
			sourceTree = "<group>";
		};
/* End PBXVariantGroup section */

/* Begin XCBuildConfiguration section */
		8D68B2C7216B59FF00780AB7 /* Debug */ = {
			isa = XCBuildConfiguration;
			buildSettings = {
				ALWAYS_SEARCH_USER_PATHS = NO;
				CLANG_ANALYZER_NONNULL = YES;
				CLANG_ANALYZER_NUMBER_OBJECT_CONVERSION = YES_AGGRESSIVE;
				CLANG_CXX_LANGUAGE_STANDARD = "gnu++0x";
				CLANG_CXX_LIBRARY = "libc++";
				CLANG_ENABLE_MODULES = YES;
				CLANG_ENABLE_OBJC_ARC = YES;
				CLANG_WARN_BOOL_CONVERSION = YES;
				CLANG_WARN_CONSTANT_CONVERSION = YES;
				CLANG_WARN_DIRECT_OBJC_ISA_USAGE = YES_ERROR;
				CLANG_WARN_DOCUMENTATION_COMMENTS = YES;
				CLANG_WARN_EMPTY_BODY = YES;
				CLANG_WARN_ENUM_CONVERSION = YES;
				CLANG_WARN_INFINITE_RECURSION = YES;
				CLANG_WARN_INT_CONVERSION = YES;
				CLANG_WARN_OBJC_ROOT_CLASS = YES_ERROR;
				CLANG_WARN_SUSPICIOUS_MOVE = YES;
				CLANG_WARN_UNREACHABLE_CODE = YES;
				CLANG_WARN__DUPLICATE_METHOD_MATCH = YES;
				"CODE_SIGN_IDENTITY[sdk=iphoneos*]" = "iPhone Developer";
				COPY_PHASE_STRIP = NO;
				DEBUG_INFORMATION_FORMAT = dwarf;
				ENABLE_STRICT_OBJC_MSGSEND = YES;
				ENABLE_TESTABILITY = YES;
				GCC_C_LANGUAGE_STANDARD = gnu99;
				GCC_DYNAMIC_NO_PIC = NO;
				GCC_NO_COMMON_BLOCKS = YES;
				GCC_OPTIMIZATION_LEVEL = 0;
				GCC_PREPROCESSOR_DEFINITIONS = (
					"DEBUG=1",
					"$(inherited)",
				);
				GCC_WARN_64_TO_32_BIT_CONVERSION = YES;
				GCC_WARN_ABOUT_RETURN_TYPE = YES_ERROR;
				GCC_WARN_UNDECLARED_SELECTOR = YES;
				GCC_WARN_UNINITIALIZED_AUTOS = YES_AGGRESSIVE;
				GCC_WARN_UNUSED_FUNCTION = YES;
				GCC_WARN_UNUSED_VARIABLE = YES;
				IPHONEOS_DEPLOYMENT_TARGET = 10.3;
				MTL_ENABLE_DEBUG_INFO = YES;
				ONLY_ACTIVE_ARCH = YES;
				SDKROOT = iphoneos;
				SWIFT_ACTIVE_COMPILATION_CONDITIONS = DEBUG;
				SWIFT_OPTIMIZATION_LEVEL = "-Onone";
				TARGETED_DEVICE_FAMILY = "1,2";
			};
			name = Debug;
		};
		8D68B2C8216B59FF00780AB7 /* Release */ = {
			isa = XCBuildConfiguration;
			buildSettings = {
				ALWAYS_SEARCH_USER_PATHS = NO;
				CLANG_ANALYZER_NONNULL = YES;
				CLANG_ANALYZER_NUMBER_OBJECT_CONVERSION = YES_AGGRESSIVE;
				CLANG_CXX_LANGUAGE_STANDARD = "gnu++0x";
				CLANG_CXX_LIBRARY = "libc++";
				CLANG_ENABLE_MODULES = YES;
				CLANG_ENABLE_OBJC_ARC = YES;
				CLANG_WARN_BOOL_CONVERSION = YES;
				CLANG_WARN_CONSTANT_CONVERSION = YES;
				CLANG_WARN_DIRECT_OBJC_ISA_USAGE = YES_ERROR;
				CLANG_WARN_DOCUMENTATION_COMMENTS = YES;
				CLANG_WARN_EMPTY_BODY = YES;
				CLANG_WARN_ENUM_CONVERSION = YES;
				CLANG_WARN_INFINITE_RECURSION = YES;
				CLANG_WARN_INT_CONVERSION = YES;
				CLANG_WARN_OBJC_ROOT_CLASS = YES_ERROR;
				CLANG_WARN_SUSPICIOUS_MOVE = YES;
				CLANG_WARN_UNREACHABLE_CODE = YES;
				CLANG_WARN__DUPLICATE_METHOD_MATCH = YES;
				"CODE_SIGN_IDENTITY[sdk=iphoneos*]" = "iPhone Developer";
				COPY_PHASE_STRIP = NO;
				DEBUG_INFORMATION_FORMAT = "dwarf-with-dsym";
				ENABLE_NS_ASSERTIONS = NO;
				ENABLE_STRICT_OBJC_MSGSEND = YES;
				GCC_C_LANGUAGE_STANDARD = gnu99;
				GCC_NO_COMMON_BLOCKS = YES;
				GCC_WARN_64_TO_32_BIT_CONVERSION = YES;
				GCC_WARN_ABOUT_RETURN_TYPE = YES_ERROR;
				GCC_WARN_UNDECLARED_SELECTOR = YES;
				GCC_WARN_UNINITIALIZED_AUTOS = YES_AGGRESSIVE;
				GCC_WARN_UNUSED_FUNCTION = YES;
				GCC_WARN_UNUSED_VARIABLE = YES;
				IPHONEOS_DEPLOYMENT_TARGET = 10.3;
				MTL_ENABLE_DEBUG_INFO = NO;
				SDKROOT = iphoneos;
				SWIFT_OPTIMIZATION_LEVEL = "-Owholemodule";
				TARGETED_DEVICE_FAMILY = "1,2";
				VALIDATE_PRODUCT = YES;
			};
			name = Release;
		};
		8D68B2CA216B59FF00780AB7 /* Debug */ = {
			isa = XCBuildConfiguration;
			buildSettings = {
				ASSETCATALOG_COMPILER_APPICON_NAME = AppIcon;
				INFOPLIST_FILE = Store/Info.plist;
				LD_RUNPATH_SEARCH_PATHS = "$(inherited) @executable_path/Frameworks";
				PRODUCT_BUNDLE_IDENTIFIER = codemac.Store;
				PRODUCT_NAME = "$(TARGET_NAME)";
				SWIFT_VERSION = 3.0;
			};
			name = Debug;
		};
		8D68B2CB216B59FF00780AB7 /* Release */ = {
			isa = XCBuildConfiguration;
			buildSettings = {
				ASSETCATALOG_COMPILER_APPICON_NAME = AppIcon;
				INFOPLIST_FILE = Store/Info.plist;
				LD_RUNPATH_SEARCH_PATHS = "$(inherited) @executable_path/Frameworks";
				PRODUCT_BUNDLE_IDENTIFIER = codemac.Store;
				PRODUCT_NAME = "$(TARGET_NAME)";
				SWIFT_VERSION = 3.0;
			};
			name = Release;
		};
/* End XCBuildConfiguration section */

/* Begin XCConfigurationList section */
		8D68B2AF216B59FF00780AB7 /* Build configuration list for PBXProject "Store" */ = {
			isa = XCConfigurationList;
			buildConfigurations = (
				8D68B2C7216B59FF00780AB7 /* Debug */,
				8D68B2C8216B59FF00780AB7 /* Release */,
			);
			defaultConfigurationIsVisible = 0;
			defaultConfigurationName = Release;
		};
		8D68B2C9216B59FF00780AB7 /* Build configuration list for PBXNativeTarget "Store" */ = {
			isa = XCConfigurationList;
			buildConfigurations = (
				8D68B2CA216B59FF00780AB7 /* Debug */,
				8D68B2CB216B59FF00780AB7 /* Release */,
			);
			defaultConfigurationIsVisible = 0;
		};
/* End XCConfigurationList section */

/* Begin XCVersionGroup section */
		8D68B2BE216B59FF00780AB7 /* Store.xcdatamodeld */ = {
			isa = XCVersionGroup;
			children = (
				8D68B2BF216B59FF00780AB7 /* Store.xcdatamodel */,
			);
			currentVersion = 8D68B2BF216B59FF00780AB7 /* Store.xcdatamodel */;
			path = Store.xcdatamodeld;
			sourceTree = "<group>";
			versionGroupType = wrapper.xcdatamodel;
		};
/* End XCVersionGroup section */
	};
	rootObject = 8D68B2AC216B59FF00780AB7 /* Project object */;
}
